# This file is automatically @generated by Poetry 2.4.2 and should not be changed by hand.

[[package]]
name = "anyio"
version = "4.14.2"
description = "High-level concurrency and networking framework on top of asyncio or Trio"
optional = false
python-versions = ">=3.10"
groups = ["main"]
files = [
    {file = "anyio-4.14.2-py3-none-any.whl", hash = "sha256:9f505dda5ac9f0c8309b5e8bd445a8c2bf7246f3ce950121e45ea15bc41d1494"},
    {file = "anyio-4.14.2.tar.gz", hash = "sha256:cfa139f3ed1a23ee8f88a145ddb5ac7605b8bbfd8592baacd7ce3d8bb4313c7f"},
]

[package.dependencies]
idna = ">=2.8"
typing_extensions = {version = ">=4.5", markers = "python_version < \"3.13\""}

[package.extras]
trio = ["trio (>=0.32.0)"]

[[package]]
name = "attrs"
version = "26.1.0"
description = "Classes Without Boilerplate"
optional = false
python-versions = ">=3.9"
groups = ["main"]
files = [
    {file = "attrs-26.1.0-py3-none-any.whl", hash = "sha256:c647aa4a12dfbad9333ca4e71fe62ddc36f4e63b2d260a37a8b83d2f043ac309"},
    {file = "attrs-26.1.0.tar.gz", hash = "sha256:d03ceb89cb322a8fd706d4fb91940737b6642aa36998fe130a9bc96c985eff32"},
]

[[package]]
name = "bracex"
version = "3.0.1"
description = "Bash style brace expander."
optional = false
python-versions = ">=3.10"
groups = ["main"]
files = [
    {file = "bracex-3.0.1-py3-none-any.whl", hash = "sha256:6523ad83aeb5098a4ee597cff0f964442ff74e460bd3fafaffab6a013ff2288c"},
    {file = "bracex-3.0.1.tar.gz", hash = "sha256:4e38e32392e4a4780fe15d644bfc7c8514057cfc3861e060b11814ce829c25e4"},
]

[[package]]
name = "certifi"
version = "2026.7.22"
description = "Python package for providing Mozilla's CA Bundle."
optional = false
python-versions = ">=3.7"
groups = ["main"]
files = [
    {file = "certifi-2026.7.22-py3-none-any.whl", hash = "sha256:62f22742b58a1a33014a2b6b706588a8d7e2a88ae7bd1a6ebe8c992928483775"},
    {file = "certifi-2026.7.22.tar.gz", hash = "sha256:741e2c3b351ddf169a738da9f2c048608ff7f2c5cc02f1ebc6b118bb090d5d55"},
]

[[package]]
name = "connectrpc"
version = "0.11.1"
description = "Server and client runtime library for Connect RPC"
optional = false
python-versions = ">=3.10"
groups = ["main"]
files = [
    {file = "connectrpc-0.11.1-py3-none-any.whl", hash = "sha256:8a52e2e92a485fa9681c1101a79a5ebeb31807e3ea3d5aabd41f484a6398bc7b"},
    {file = "connectrpc-0.11.1.tar.gz", hash = "sha256:18277f7838847b4271ca38d40c7d2387b5a2ea6a29f240689c19e1ec84aaff66"},
]

[package.dependencies]
protobuf-py = "0.1.1"
pyqwest = ">=0.5.1"

[[package]]
name = "dockerfile-parse"
version = "2.0.1"
description = "Python library for Dockerfile manipulation"
optional = false
python-versions = ">=3.6"
groups = ["main"]
files = [
    {file = "dockerfile-parse-2.0.1.tar.gz", hash = "sha256:3184ccdc513221983e503ac00e1aa504a2aa8f84e5de673c46b0b6eee99ec7bc"},
    {file = "dockerfile_parse-2.0.1-py2.py3-none-any.whl", hash = "sha256:bdffd126d2eb26acf1066acb54cb2e336682e1d72b974a40894fac76a4df17f6"},
]

[[package]]
name = "e2b"
version = "2.46.0"
description = "E2B SDK that give agents cloud environments"
optional = false
python-versions = ">=3.10"
groups = ["main"]
files = [
    {file = "e2b-2.46.0-py3-none-any.whl", hash = "sha256:92611d2f9a0cd97516b16d7ebaf9f633d953549698a4c0ac545cdd719a3878f0"},
    {file = "e2b-2.46.0.tar.gz", hash = "sha256:7733f2e011038836d1b972ae46837562e3f5938c43f3756d10e349c0f08ce5f9"},
]

[package.dependencies]
attrs = ">=23.2.0"
connectrpc = ">=0.11.1,<0.12"
dockerfile-parse = ">=2.0.1,<3"
h2 = ">=4.4.1,<5"
httpx = ">=0.27.0,<1.0.0"
packaging = ">=24.1"
protobuf-py = ">=0.1.1,<0.2"
pyqwest = ">=0.10.0,<0.11"
python-dateutil = ">=2.8.2"
rich = ">=14.0.0"
typing-extensions = ">=4.10.0"
wcmatch = ">=10.1,<12"

[[package]]
name = "h11"
version = "0.16.0"
description = "A pure-Python, bring-your-own-I/O implementation of HTTP/1.1"
optional = false
python-versions = ">=3.8"
groups = ["main"]
files = [
    {file = "h11-0.16.0-py3-none-any.whl", hash = "sha256:63cf8bbe7522de3bf65932fda1d9c2772064ffb3dae62d55932da54b31cb6c86"},
    {file = "h11-0.16.0.tar.gz", hash = "sha256:4e35b956cf45792e4caa5885e69fba00bdbc6ffafbfa020300e549b208ee5ff1"},
]

[[package]]
name = "h2"
version = "4.4.1"
description = "Pure-Python HTTP/2 protocol implementation"
optional = false
python-versions = ">=3.10"
groups = ["main"]
files = [
    {file = "h2-4.4.1-py3-none-any.whl", hash = "sha256:0e25f1462b23c9cb82d9eb02e28bc706dac2a68cb457c6a0d74d63c8a2a5d0e6"},
    {file = "h2-4.4.1.tar.gz", hash = "sha256:4e866ffb1a869ae14dd9b5e6beb5c24a13da0495ad72b65925ded182521c1516"},
]

[package.dependencies]
hpack = ">=4.2,<5"
hyperframe = ">=6.1,<7"

[[package]]
name = "hpack"
version = "4.2.0"
description = "Pure-Python HPACK header encoding"
optional = false
python-versions = ">=3.10"
groups = ["main"]
files = [
    {file = "hpack-4.2.0-py3-none-any.whl", hash = "sha256:858ac0b02280fa582b5080d68db0899c62a80375e0e5413a74970c5e518b6986"},
    {file = "hpack-4.2.0.tar.gz", hash = "sha256:0895cfa3b5531fc65fe439c05eb65144f123bf7a394fcaa56aa423548d8e45c0"},
]

[[package]]
name = "httpcore"
version = "1.0.9"
description = "A minimal low-level HTTP client."
optional = false
python-versions = ">=3.8"
groups = ["main"]
files = [
    {file = "httpcore-1.0.9-py3-none-any.whl", hash = "sha256:2d400746a40668fc9dec9810239072b40b4484b640a8c38fd654a024c7a1bf55"},
    {file = "httpcore-1.0.9.tar.gz", hash = "sha256:6e34463af53fd2ab5d807f399a9b45ea31c3dfa2276f15a2c3f00afff6e176e8"},
]

[package.dependencies]
certifi = "*"
h11 = ">=0.16"

[package.extras]
asyncio = ["anyio (>=4.0,<5.0)"]
http2 = ["h2 (>=3,<5)"]
socks = ["socksio (==1.*)"]
trio = ["trio (>=0.22.0,<1.0)"]

[[package]]
name = "httpx"
version = "0.28.1"
description = "The next generation HTTP client."
optional = false
python-versions = ">=3.8"
groups = ["main"]
files = [
    {file = "httpx-0.28.1-py3-none-any.whl", hash = "sha256:d909fcccc110f8c7faf814ca82a9a4d816bc5a6dbfea25d6591d6985b8ba59ad"},
    {file = "httpx-0.28.1.tar.gz", hash = "sha256:75e98c5f16b0f35b567856f597f06ff2270a374470a5c2392242528e3e3e42fc"},
]

[package.dependencies]
anyio = "*"
certifi = "*"
httpcore = "==1.*"
idna = "*"

[package.extras]
brotli = ["brotli ; platform_python_implementation == \"CPython\"", "brotlicffi ; platform_python_implementation != \"CPython\""]
cli = ["click (==8.*)", "pygments (==2.*)", "rich (>=10,<14)"]
http2 = ["h2 (>=3,<5)"]
socks = ["socksio (==1.*)"]
zstd = ["zstandard (>=0.18.0)"]

[[package]]
name = "hyperframe"
version = "6.1.0"
description = "Pure-Python HTTP/2 framing"
optional = false
python-versions = ">=3.9"
groups = ["main"]
files = [
    {file = "hyperframe-6.1.0-py3-none-any.whl", hash = "sha256:b03380493a519fce58ea5af42e4a42317bf9bd425596f7a0835ffce80f1a42e5"},
    {file = "hyperframe-6.1.0.tar.gz", hash = "sha256:f630908a00854a7adeabd6382b43923a4c4cd4b821fcb527e6ab9e15382a3b08"},
]

[[package]]
name = "idna"
version = "3.19"
description = "Internationalized Domain Names in Applications (IDNA)"
optional = false
python-versions = ">=3.9"
groups = ["main"]
files = [
    {file = "idna-3.19-py3-none-any.whl", hash = "sha256:815e7be7a7806d54abb586dc943addc79e8b2ee16915059658cbeff4b1b43bf4"},
    {file = "idna-3.19.tar.gz", hash = "sha256:5e0811a4383b21dc5838069f801c4fb62113b7447663d2530d2bd6e77b49bf15"},
]

[package.extras]
all = ["coverage (>=7.10.0)", "hypothesis (>=6.141.1)", "mypy (>=1.11.2)", "pytest (>=8.3.2)", "ruff (>=0.16.0)", "ty (>=0.0.37)"]

[[package]]
name = "markdown-it-py"
version = "4.2.0"
description = "Python port of markdown-it. Markdown parsing, done right!"
optional = false
python-versions = ">=3.10"
groups = ["main"]
files = [
    {file = "markdown_it_py-4.2.0-py3-none-any.whl", hash = "sha256:9f7ebbcd14fe59494226453aed97c1070d83f8d24b6fc3a3bcf9a38092641c4a"},
    {file = "markdown_it_py-4.2.0.tar.gz", hash = "sha256:04a21681d6fbb623de53f6f364d352309d4094dd4194040a10fd51833e418d49"},
]

[package.dependencies]
mdurl = ">=0.1,<1.0"

[package.extras]
benchmarking = ["psutil", "pytest", "pytest-benchmark"]
compare = ["commonmark (>=0.9,<1.0)", "markdown (>=3.4,<4.0)", "markdown-it-pyrs", "mistletoe (>=1.0,<2.0)", "mistune (>=3.0,<4.0)", "panflute (>=2.3,<3.0)"]
linkify = ["linkify-it-py (>=1,<3)"]
plugins = ["mdit-py-plugins (>=0.5.0)"]
profiling = ["gprof2dot"]
rtd = ["ipykernel", "jupyter_sphinx", "mdit-py-plugins (>=0.5.0)", "myst-parser", "pyyaml", "sphinx", "sphinx-book-theme (>=1.0,<2.0)", "sphinx-copybutton", "sphinx-design"]
testing = ["coverage", "pytest", "pytest-cov", "pytest-regressions", "pytest-timeout", "requests"]

[[package]]
name = "mdurl"
version = "0.1.2"
description = "Markdown URL utilities"
optional = false
python-versions = ">=3.7"
groups = ["main"]
files = [
    {file = "mdurl-0.1.2-py3-none-any.whl", hash = "sha256:84008a41e51615a49fc9966191ff91509e3c40b939176e643fd50a5c2196b8f8"},
    {file = "mdurl-0.1.2.tar.gz", hash = "sha256:bb413d29f5eea38f31dd4754dd7377d4465116fb207585f97bf925588687c1ba"},
]

[[package]]
name = "opentelemetry-api"
version = "1.44.0"
description = "OpenTelemetry Python API"
optional = false
python-versions = ">=3.10"
groups = ["main"]
files = [
    {file = "opentelemetry_api-1.44.0-py3-none-any.whl", hash = "sha256:94b98c893a91b88657eaac1e3ba89618cdb85be6918196705354f34728b2cdef"},
    {file = "opentelemetry_api-1.44.0.tar.gz", hash = "sha256:67647e5e9566edcf421166fdf022b3537f818635daa852b289e34604dc6fb33a"},
]

[package.dependencies]
typing-extensions = ">=4.5.0"

[[package]]
name = "packaging"
version = "26.3"
description = "Core utilities for Python packages"
optional = false
python-versions = ">=3.9"
groups = ["main"]
files = [
    {file = "packaging-26.3-py3-none-any.whl", hash = "sha256:d7193f7c8e4e93f444fde0262bf90af30e16fa0ad0ad44cb553c87339b23cd1c"},
    {file = "packaging-26.3.tar.gz", hash = "sha256:94edc256424af38762eb31306eed28beb9f0efc50a8837492c9d6fd6004aed79"},
]

[[package]]
name = "protobuf-py"
version = "0.1.1"
description = "Idiomatic Protocol Buffers for Python."
optional = false
python-versions = ">=3.10"
groups = ["main"]
files = [
    {file = "protobuf_py-0.1.1-py3-none-any.whl", hash = "sha256:efc4f50f275ed6dae10a1f30bb81ad1a75368557b3ff22a532b7a472050368f1"},
    {file = "protobuf_py-0.1.1.tar.gz", hash = "sha256:6bd08ac4d8f1661965bbe2685429d79043704cdd1ee720a7a89617331742240b"},
]

[package.dependencies]
protobuf-py-ext = {version = "0.1.1", markers = "(platform_machine == \"AMD64\" or platform_machine == \"ARM64\") and platform_python_implementation == \"CPython\" and sys_platform == \"win32\" or (platform_machine == \"aarch64\" or platform_machine == \"x86_64\") and platform_python_implementation == \"CPython\" and sys_platform == \"linux\" or platform_machine == \"arm64\" and platform_python_implementation == \"CPython\" and sys_platform == \"darwin\""}

[[package]]
name = "protobuf-py-ext"
version = "0.1.1"
description = "Native extension for protobuf-py"
optional = false
python-versions = ">=3.10"
groups = ["main"]
markers = "(platform_machine == \"AMD64\" or platform_machine == \"ARM64\") and platform_python_implementation == \"CPython\" and sys_platform == \"win32\" or (platform_machine == \"aarch64\" or platform_machine == \"x86_64\") and platform_python_implementation == \"CPython\" and sys_platform == \"linux\" or platform_machine == \"arm64\" and platform_python_implementation == \"CPython\" and sys_platform == \"darwin\""
files = [
    {file = "protobuf_py_ext-0.1.1-cp310-abi3-macosx_11_0_arm64.whl", hash = "sha256:310039e03cb15181781a0b78017419f6d4ee302e988c3c70b87f1facdf05532d"},
    {file = "protobuf_py_ext-0.1.1-cp310-abi3-manylinux_2_17_aarch64.manylinux2014_aarch64.whl", hash = "sha256:89ec8348d1ba045f79b2fedd14e40cca36f2a41b52f2c4fdf55a60c58add2353"},
    {file = "protobuf_py_ext-0.1.1-cp310-abi3-manylinux_2_17_x86_64.manylinux2014_x86_64.whl", hash = "sha256:182798e4861aba72d05855bd06febe4926aa7265e6f444a1b8af5252beee4f7e"},
    {file = "protobuf_py_ext-0.1.1-cp310-abi3-musllinux_1_2_aarch64.whl", hash = "sha256:9eb25c3a329c0551cc86b209a5e5d8ecb8d834b9924a3aa019377853a703b6d3"},
    {file = "protobuf_py_ext-0.1.1-cp310-abi3-musllinux_1_2_x86_64.whl", hash = "sha256:aaecbde82bef10c7c40578cbb61b7a19896bf7fa450972050a3bb302acb7d5d6"},
    {file = "protobuf_py_ext-0.1.1-cp310-abi3-win_amd64.whl", hash = "sha256:6b0c615c48e95acc53cf33e9310eeaff8b30d2d7555bf93e7bca8fb4f40e9a5c"},
    {file = "protobuf_py_ext-0.1.1-cp310-abi3-win_arm64.whl", hash = "sha256:72956cd0af5dee24b41c6f5ba5e42622d17e6d555002b5efc1634e27a1446de2"},
    {file = "protobuf_py_ext-0.1.1-cp312-cp312-macosx_11_0_arm64.whl", hash = "sha256:c6f0cd58620f415a3534d195358338f4999a774e12510f91c592b38d13d37388"},
    {file = "protobuf_py_ext-0.1.1-cp312-cp312-manylinux_2_17_aarch64.manylinux2014_aarch64.whl", hash = "sha256:21572764f625d829604fc4d83635f533f35775f11c6da142345b3f3c8d64bd09"},
    {file = "protobuf_py_ext-0.1.1-cp312-cp312-manylinux_2_17_x86_64.manylinux2014_x86_64.whl", hash = "sha256:e7f14f00c2678bfbe7ad46f057b9f9938c1677bcf39e405e163e272c6f9814b8"},
    {file = "protobuf_py_ext-0.1.1-cp312-cp312-musllinux_1_2_aarch64.whl", hash = "sha256:1610865622e2e27568277ca63d8d2d23dcc55eaa767398865c21539ddf4ce24d"},
    {file = "protobuf_py_ext-0.1.1-cp312-cp312-musllinux_1_2_x86_64.whl", hash = "sha256:8995efba9476e1ea18ef9873306871dba697308994bc2766558fec3387acc3de"},
    {file = "protobuf_py_ext-0.1.1-cp313-cp313-macosx_11_0_arm64.whl", hash = "sha256:ba61d49dace8f874361583030a7c48139b42eb37c9ffbb1e7e8a227a51576f44"},
    {file = "protobuf_py_ext-0.1.1-cp313-cp313-manylinux_2_17_aarch64.manylinux2014_aarch64.whl", hash = "sha256:9a9c2f026096ca4c595c89a297067ef371e241d3ff8e1f6d7c779aa8419cdca7"},
    {file = "protobuf_py_ext-0.1.1-cp313-cp313-manylinux_2_17_x86_64.manylinux2014_x86_64.whl", hash = "sha256:cf78707a040b9294e5e1ec4a1875f0046acfe52e92150cea27de4e9fc9db39bb"},
    {file = "protobuf_py_ext-0.1.1-cp313-cp313-musllinux_1_2_aarch64.whl", hash = "sha256:ae4373845cbb85bdade3ef5368cc2f4b5f80bf173383afc1ab063f95644e5599"},
    {file = "protobuf_py_ext-0.1.1-cp313-cp313-musllinux_1_2_x86_64.whl", hash = "sha256:2a4cc478eef7a2acc1daaebcde479a3ac2396d47e6bdc7e776ca4c4147ba8b4c"},
    {file = "protobuf_py_ext-0.1.1-cp314-cp314-macosx_11_0_arm64.whl", hash = "sha256:359dccdc1c3eafed2a913c570bb082b8df848a1d27d548ce8385f246a7d68be2"},
    {file = "protobuf_py_ext-0.1.1-cp314-cp314-manylinux_2_17_aarch64.manylinux2014_aarch64.whl", hash = "sha256:91c38b4a10a306366443273ee03ca554537a0965bf05b7ada8e7dbdee04cc93e"},
    {file = "protobuf_py_ext-0.1.1-cp314-cp314-manylinux_2_17_x86_64.manylinux2014_x86_64.whl", hash = "sha256:79eee3bcbb289d6ea114eb8fe3a1469c5b59bf53e207238469f567d9c53ba56f"},
    {file = "protobuf_py_ext-0.1.1-cp314-cp314-musllinux_1_2_aarch64.whl", hash = "sha256:10992141a8282a71ac3e3530d1a489efb27618d84000b9a47918cf70e5816d9b"},
    {file = "protobuf_py_ext-0.1.1-cp314-cp314-musllinux_1_2_x86_64.whl", hash = "sha256:4411ffe0e06a774b83c5c71c546ce097640a25f596c45f95f53d3e3148e3f22d"},
    {file = "protobuf_py_ext-0.1.1-cp314-cp314t-macosx_11_0_arm64.whl", hash = "sha256:55a17d80ea419501ff221a6627523f38a431bb33e6aa3de81ae3a7f271c49c75"},
    {file = "protobuf_py_ext-0.1.1-cp314-cp314t-manylinux_2_17_aarch64.manylinux2014_aarch64.whl", hash = "sha256:9dbb518b5638403ceaa08ac4fc7dac626f45ed9b856b3517de3906cf3de4d632"},
    {file = "protobuf_py_ext-0.1.1-cp314-cp314t-manylinux_2_17_x86_64.manylinux2014_x86_64.whl", hash = "sha256:8a4adc65ab6a5e4885c67fc808bcacb83d755d05b566d312a0e10c2a873f2ad4"},
    {file = "protobuf_py_ext-0.1.1-cp314-cp314t-musllinux_1_2_aarch64.whl", hash = "sha256:e97f45c49676efacfb8e95bfcb1a002bc337e618a6780be1e55df2ba5ebd2f1e"},
    {file = "protobuf_py_ext-0.1.1-cp314-cp314t-musllinux_1_2_x86_64.whl", hash = "sha256:53a6b3590f6aa7f97b8ed60f62fef9b096babfeae82f7283fd3a4c405827d4f8"},
    {file = "protobuf_py_ext-0.1.1.tar.gz", hash = "sha256:e85bfdfdb3ed50634db8ccc7429dd9286520109489c735463971a418707b4fef"},
]

[[package]]
name = "pygments"
version = "2.21.0"
description = "Pygments is a syntax highlighting package written in Python."
optional = false
python-versions = ">=3.9"
groups = ["main"]
files = [
    {file = "pygments-2.21.0-py3-none-any.whl", hash = "sha256:2363c69b61c4a97c838da3b130dcd6468f4848992b21a82f2a63ec34377137d9"},
    {file = "pygments-2.21.0.tar.gz", hash = "sha256:610ca751c9bc2492b38eb9a38a7fbc93edbbb2d7182edaf34e66ae493dee5c8c"},
]

[package.extras]
windows-terminal = ["colorama (>=0.4.6)"]

[[package]]
name = "pyqwest"
version = "0.10.0"
description = "A modern, high-performance HTTP client for Python and Rust."
optional = false
python-versions = ">=3.10"
groups = ["main"]
files = [
    {file = "pyqwest-0.10.0-cp310-abi3-macosx_10_12_x86_64.whl", hash = "sha256:aa492d5777dd145a60795ed95d9d4707a3cd1091fdcdfc93a82ac7fdc43ebacd"},
    {file = "pyqwest-0.10.0-cp310-abi3-macosx_11_0_arm64.whl", hash = "sha256:59f3f16628e518c674102e7b5fcff2101bba6abb4f6737ec5fade9b9278e6a53"},
    {file = "pyqwest-0.10.0-cp310-abi3-manylinux_2_17_aarch64.manylinux2014_aarch64.whl", hash = "sha256:d6e7db305a8318b1f3218053e87501f8f245ca8bd63e948e0282d04bf0883470"},
    {file = "pyqwest-0.10.0-cp310-abi3-manylinux_2_17_x86_64.manylinux2014_x86_64.whl", hash = "sha256:a5c757cfac5f53c8671dcb4850d5fc4c4339ea3e90636331c9318f8e3ddabc06"},
    {file = "pyqwest-0.10.0-cp310-abi3-musllinux_1_2_aarch64.whl", hash = "sha256:234b3f71e3f314d997c203d8cf829b7117edd041153f9c277d0060ab90134148"},
    {file = "pyqwest-0.10.0-cp310-abi3-musllinux_1_2_x86_64.whl", hash = "sha256:5637256a0dac0ef57e0eaa02b032014965e4a4c995e1deca1b1b97e6d1765f78"},
    {file = "pyqwest-0.10.0-cp310-abi3-win_amd64.whl", hash = "sha256:7ea761937acf3a00d1a7e70e982949d18946e5471d1419266ab3a78bbfa19759"},
    {file = "pyqwest-0.10.0-cp312-cp312-macosx_10_12_x86_64.whl", hash = "sha256:a21f1f15252a8303623b4f17b9c6de595ace11b3ade07f2adb6d07121e8191aa"},
    {file = "pyqwest-0.10.0-cp312-cp312-macosx_11_0_arm64.whl", hash = "sha256:eb472c6e5d6833ebfec79db310e426eb17b01ac64c0e2c251bd9192c0d2ee0c5"},
    {file = "pyqwest-0.10.0-cp312-cp312-manylinux_2_17_aarch64.manylinux2014_aarch64.whl", hash = "sha256:83578e24cccd5e0dc04d60a0af7bfb43325b5f22d03ff74ff79ed0ecf553b50d"},
    {file = "pyqwest-0.10.0-cp312-cp312-manylinux_2_17_x86_64.manylinux2014_x86_64.whl", hash = "sha256:6bb511c434f79c641efb5573e5795e56dc972252f4b96e52a9636d4ece5231a4"},
    {file = "pyqwest-0.10.0-cp312-cp312-musllinux_1_2_aarch64.whl", hash = "sha256:1aaccd8a9db9430b2aedb5bad8ead80742cbc056b85c229516c70dc80539f906"},
    {file = "pyqwest-0.10.0-cp312-cp312-musllinux_1_2_x86_64.whl", hash = "sha256:73d9eb438ab4a957a1ce0619d3af8c1c1126bfb9181033b123d792fcf4224531"},
    {file = "pyqwest-0.10.0-cp312-cp312-win_amd64.whl", hash = "sha256:317a74d633abe3bc5bccabf479e069c515dab9e6a755274b0ccb1d8a5bbfede3"},
    {file = "pyqwest-0.10.0-cp313-cp313-macosx_10_12_x86_64.whl", hash = "sha256:3978e794b9cfd8eaa500fb5d7aee63bc6172c605efa0abc1f62d85485bc049e1"},
    {file = "pyqwest-0.10.0-cp313-cp313-macosx_11_0_arm64.whl", hash = "sha256:715991fd4f04862cd7a9d7452daabcdbd74dff4dff55eb20c22d60382dc2a4ed"},
    {file = "pyqwest-0.10.0-cp313-cp313-manylinux_2_17_aarch64.manylinux2014_aarch64.whl", hash = "sha256:c04798bed79c1dfa0e5b0e30fb137124311083490d44d6dfbe068d3dd254349e"},
    {file = "pyqwest-0.10.0-cp313-cp313-manylinux_2_17_x86_64.manylinux2014_x86_64.whl", hash = "sha256:35b472877e73dd63fed089c2bc8fa198407f005c8c19e0a93f025ebefde01a81"},
    {file = "pyqwest-0.10.0-cp313-cp313-musllinux_1_2_aarch64.whl", hash = "sha256:564ec360b7848b35e009038ffbca00466305a9708ab21829477f64aa8cad4c64"},
    {file = "pyqwest-0.10.0-cp313-cp313-musllinux_1_2_x86_64.whl", hash = "sha256:b5c80e88a5967c1cadb3237c450f91a84a3683f8838c8dca96f09fee3612e762"},
    {file = "pyqwest-0.10.0-cp313-cp313-win_amd64.whl", hash = "sha256:dc3d80b402fb59dbe015e25993ac8147456fb231a4c949f92a89f31315ad50f9"},
    {file = "pyqwest-0.10.0-cp314-cp314-macosx_10_12_x86_64.whl", hash = "sha256:23a28beb55fa6d975949bffae4adfb69378f3229bb5cbd71231e95bf66f5b26c"},
    {file = "pyqwest-0.10.0-cp314-cp314-macosx_11_0_arm64.whl", hash = "sha256:e4415ae40b8eedb1713dab14d7f9fecc3f79d26f3206c561087b88b99d5ce24b"},
    {file = "pyqwest-0.10.0-cp314-cp314-manylinux_2_17_aarch64.manylinux2014_aarch64.whl", hash = "sha256:14b875d2273212d7fa8e4b755d8d736ffd226b1c707a9c0017dfdc8393a96eca"},
    {file = "pyqwest-0.10.0-cp314-cp314-manylinux_2_17_x86_64.manylinux2014_x86_64.whl", hash = "sha256:b5071491e416ea54e3b95bf9ffbed0bd065b093cb96e10a75c3d8f2cbe3c9823"},
    {file = "pyqwest-0.10.0-cp314-cp314-musllinux_1_2_aarch64.whl", hash = "sha256:b68b5e68d513a4c63a072f8f40e38015160cf90bfbf7e8ef7c3935ca87e9e022"},
    {file = "pyqwest-0.10.0-cp314-cp314-musllinux_1_2_x86_64.whl", hash = "sha256:c48910d27820b9c46fcd001b0fe514a3cf47d4784f59512dcdb8c91c395f82e4"},
    {file = "pyqwest-0.10.0-cp314-cp314-win_amd64.whl", hash = "sha256:d03ba2cd17948b623a6210981d342eb122546d8a8e910ec77511aff4b1acdd00"},
    {file = "pyqwest-0.10.0-cp314-cp314t-macosx_10_12_x86_64.whl", hash = "sha256:07a0eb595f4096232c2d22549b6e4612c1ecada7934e46462c2c37ce14a89cfb"},
    {file = "pyqwest-0.10.0-cp314-cp314t-macosx_11_0_arm64.whl", hash = "sha256:26401baf7dafc71c8d12d2e8389519d141e6f7c14094d0dd4cf9ec1d3b5555bd"},
    {file = "pyqwest-0.10.0-cp314-cp314t-manylinux_2_17_aarch64.manylinux2014_aarch64.whl", hash = "sha256:e5e3c436e041d8873ce5bb0fdcf9f9e86f5604e8f0ef9e03149efebd8cb474f6"},
    {file = "pyqwest-0.10.0-cp314-cp314t-manylinux_2_17_x86_64.manylinux2014_x86_64.whl", hash = "sha256:09364115761579eabfc79d1e954cdb3ded508dac1903fac7285d4c6f058c683f"},
    {file = "pyqwest-0.10.0-cp314-cp314t-musllinux_1_2_aarch64.whl", hash = "sha256:559674a98a8b1217e1830ecd41c9905bf2b60983c6b8017063dfac199f00727c"},
    {file = "pyqwest-0.10.0-cp314-cp314t-musllinux_1_2_x86_64.whl", hash = "sha256:f399a696392fff3db3eef0a18ef65b8a3b8396d129193487d966b8eb11006376"},
    {file = "pyqwest-0.10.0-cp314-cp314t-win_amd64.whl", hash = "sha256:0f9163d6dd991bf1bf27308ba38ba021af660b15fffa47ebca98e41cf6f00309"},
    {file = "pyqwest-0.10.0-pp311-pypy311_pp73-macosx_10_12_x86_64.whl", hash = "sha256:cfcc7ba0229baa17831582befb046ace167b368140dae022d0b89b8d586ba12c"},
    {file = "pyqwest-0.10.0-pp311-pypy311_pp73-macosx_11_0_arm64.whl", hash = "sha256:eff9ccf427604d34c635954def07b6113d4754f968073eef2df40bdb80b05bf5"},
    {file = "pyqwest-0.10.0-pp311-pypy311_pp73-manylinux_2_17_aarch64.manylinux2014_aarch64.whl", hash = "sha256:78662158093f9d5c742368f4dd9956aa595f44c6ac0860777c98853ddd5e1610"},
    {file = "pyqwest-0.10.0-pp311-pypy311_pp73-manylinux_2_17_x86_64.manylinux2014_x86_64.whl", hash = "sha256:0879a3f0b37876372aa328b9fee956165db174c1ab72464146fe515f49399ddb"},
    {file = "pyqwest-0.10.0-pp311-pypy311_pp73-musllinux_1_2_aarch64.whl", hash = "sha256:850b8de6ade09a60bdb2f969871a177c2c304b594b2034ba3f5962c7bea75551"},
    {file = "pyqwest-0.10.0-pp311-pypy311_pp73-musllinux_1_2_x86_64.whl", hash = "sha256:399802647ea646c6ac9b5460e541b7c209b7a13563c667b2690ded2060185f2e"},
    {file = "pyqwest-0.10.0-pp311-pypy311_pp73-win_amd64.whl", hash = "sha256:c26f3de1feb5d066d7a66802a47407a93ba043696064ad80beda4a0a4bf10056"},
    {file = "pyqwest-0.10.0.tar.gz", hash = "sha256:6c1a693be17d57d2c2eca4085e32c2809c53090c16719a907c90ebcf1f40dc01"},
]

[package.dependencies]
opentelemetry-api = ">=1.39.1"

[[package]]
name = "python-dateutil"
version = "2.9.0.post0"
description = "Extensions to the standard Python datetime module"
optional = false
python-versions = "!=3.0.*,!=3.1.*,!=3.2.*,>=2.7"
groups = ["main"]
files = [
    {file = "python-dateutil-2.9.0.post0.tar.gz", hash = "sha256:37dd54208da7e1cd875388217d5e00ebd4179249f90fb72437e91a35459a0ad3"},
    {file = "python_dateutil-2.9.0.post0-py2.py3-none-any.whl", hash = "sha256:a8b2bc7bffae282281c8140a97d3aa9c14da0b136dfe83f850eea9a5f7470427"},
]

[package.dependencies]
six = ">=1.5"

[[package]]
name = "python-dotenv"
version = "1.2.3"
description = "Read key-value pairs from a .env file and set them as environment variables"
optional = false
python-versions = ">=3.10"
groups = ["main"]
files = [
    {file = "python_dotenv-1.2.3-py3-none-any.whl", hash = "sha256:904552145e8bfed22162c09dab1c2b9b54fefa7b23ba780f4f26ca0316b0f0d9"},
    {file = "python_dotenv-1.2.3.tar.gz", hash = "sha256:a20a594dabeaa385725aa239d5244871c143ecb356add8a20fcf23773a6c3a35"},
]

[package.extras]
cli = ["click (>=5.0)"]

[[package]]
name = "rich"
version = "15.0.0"
description = "Render rich text, tables, progress bars, syntax highlighting, markdown and more to the terminal"
optional = false
python-versions = ">=3.9.0"
groups = ["main"]
files = [
    {file = "rich-15.0.0-py3-none-any.whl", hash = "sha256:33bd4ef74232fb73fe9279a257718407f169c09b78a87ad3d296f548e27de0bb"},
    {file = "rich-15.0.0.tar.gz", hash = "sha256:edd07a4824c6b40189fb7ac9bc4c52536e9780fbbfbddf6f1e2502c31b068c36"},
]

[package.dependencies]
markdown-it-py = ">=2.2.0"
pygments = ">=2.13.0,<3.0.0"

[package.extras]
jupyter = ["ipywidgets (>=7.5.1,<9)"]

[[package]]
name = "six"
version = "1.17.0"
description = "Python 2 and 3 compatibility utilities"
optional = false
python-versions = "!=3.0.*,!=3.1.*,!=3.2.*,>=2.7"
groups = ["main"]
files = [
    {file = "six-1.17.0-py2.py3-none-any.whl", hash = "sha256:4721f391ed90541fddacab5acf947aa0d3dc7d27b2e1e8eda2be8970586c3274"},
    {file = "six-1.17.0.tar.gz", hash = "sha256:ff70335d468e7eb6ec65b95b99d3a2836546063f63acc5171de367e834932a81"},
]

[[package]]
name = "typing-extensions"
version = "4.16.0"
description = "Backported and Experimental Type Hints for Python 3.9+"
optional = false
python-versions = ">=3.9"
groups = ["main"]
files = [
    {file = "typing_extensions-4.16.0-py3-none-any.whl", hash = "sha256:481caa481374e813c1b176ada14e97f1f67a4539ce9cfeb3f350d78d6370c2e8"},
    {file = "typing_extensions-4.16.0.tar.gz", hash = "sha256:dc983d19a509c94dba722ee6abd33940f7c05a89e243c47e907eb4db6f1a43e5"},
]

[[package]]
name = "wcmatch"
version = "11.0.1"
description = "Wildcard/glob file name matcher."
optional = false
python-versions = ">=3.10"
groups = ["main"]
files = [
    {file = "wcmatch-11.0.1-py3-none-any.whl", hash = "sha256:fd149ecddb9f0a88ea780017d6dde17c994e494e7f7303d4e3c9d6251f978f4b"},
    {file = "wcmatch-11.0.1.tar.gz", hash = "sha256:1ea2b4fa678b8ca268253798d5963935df39132d47c3e241c0a0732224005e7d"},
]

[package.dependencies]
bracex = ">=3.0"

[metadata]
lock-version = "2.1"
python-versions = "^3.11"
content-hash = "02e879d501351a52f3f878c5e3997c8dc1cbefeef4031a8f82be3d911bef69d0"
